
Microsoft Visual Studio Solution File, Format Version 12.00
# Visual Studio Express 2012 for Windows Desktop
Project("{FAE04EC0-301F-11D3-BF4B-00C04F79EFBC}") = "GroupPolicy.Parser", "GroupPolicy.Parser.csproj", "{73646A64-E113-442D-9B65-9B752634595A}"
EndProject
Global
	GlobalSection(SolutionConfigurationPlatforms) = preSolution
		Debug|Any CPU = Debug|Any CPU
		Release|Any CPU = Release|Any CPU
	EndGlobalSection
	GlobalSection(ProjectConfigurationPlatforms) = postSolution
		{73646A64-E113-442D-9B65-9B752634595A}.Debug|Any CPU.ActiveCfg = Debug|Any CPU
		{73646A64-E113-442D-9B65-9B752634595A}.Debug|Any CPU.Build.0 = Debug|Any CPU
		{73646A64-E113-442D-9B65-9B752634595A}.Release|Any CPU.ActiveCfg = Release|Any CPU
		{73646A64-E113-442D-9B65-9B752634595A}.Release|Any CPU.Build.0 = Release|Any CPU
	EndGlobalSection
	GlobalSection(SolutionProperties) = preSolution
		HideSolutionNode = FALSE
	EndGlobalSection
EndGlobal
